// !$*UTF8*$!
{
	archiveVersion = 1;
	classes = {
	};
	objectVersion = 51;
	objects = {

/* Begin PBXBuildFile section */
		18DDD2A24816B16B4BBDB3BD /* Pods_RxSwift_playground_RxSwift_playgroundUITests.framework in Frameworks */ = {isa = PBXBuildFile; fileRef = 3EBE8B0687946DE283A41592 /* Pods_RxSwift_playground_RxSwift_playgroundUITests.framework */; };
		C27F2F88D341C1FC63CC9A6E /* Pods_RxSwift_playgroundTests.framework in Frameworks */ = {isa = PBXBuildFile; fileRef = A62258F9B2DC3A22C9CE6226 /* Pods_RxSwift_playgroundTests.framework */; };
		D29D39387BD37455E0D4FAB2 /* Pods_RxSwift_playground.framework in Frameworks */ = {isa = PBXBuildFile; fileRef = 83769D5389926D20BE1B9754 /* Pods_RxSwift_playground.framework */; };
		D589A3662573B8230049132F /* AppDelegate.swift in Sources */ = {isa = PBXBuildFile; fileRef = D589A3652573B8230049132F /* AppDelegate.swift */; };
		D589A3682573B8230049132F /* SceneDelegate.swift in Sources */ = {isa = PBXBuildFile; fileRef = D589A3672573B8230049132F /* SceneDelegate.swift */; };
		D589A36A2573B8230049132F /* ViewController.swift in Sources */ = {isa = PBXBuildFile; fileRef = D589A3692573B8230049132F /* ViewController.swift */; };
		D589A36D2573B8230049132F /* Main.storyboard in Resources */ = {isa = PBXBuildFile; fileRef = D589A36B2573B8230049132F /* Main.storyboard */; };
		D589A36F2573B8250049132F /* Assets.xcassets in Resources */ = {isa = PBXBuildFile; fileRef = D589A36E2573B8250049132F /* Assets.xcassets */; };
		D589A3722573B8250049132F /* LaunchScreen.storyboard in Resources */ = {isa = PBXBuildFile; fileRef = D589A3702573B8250049132F /* LaunchScreen.storyboard */; };
		D589A37D2573B8250049132F /* RxSwift_playgroundTests.swift in Sources */ = {isa = PBXBuildFile; fileRef = D589A37C2573B8250049132F /* RxSwift_playgroundTests.swift */; };
		D589A3882573B8260049132F /* RxSwift_playgroundUITests.swift in Sources */ = {isa = PBXBuildFile; fileRef = D589A3872573B8260049132F /* RxSwift_playgroundUITests.swift */; };
/* End PBXBuildFile section */

/* Begin PBXContainerItemProxy section */
		D589A3792573B8250049132F /* PBXContainerItemProxy */ = {
			isa = PBXContainerItemProxy;
			containerPortal = D589A35A2573B8230049132F /* Project object */;
			proxyType = 1;
			remoteGlobalIDString = D589A3612573B8230049132F;
			remoteInfo = RxSwift_playground;
		};
		D589A3842573B8260049132F /* PBXContainerItemProxy */ = {
			isa = PBXContainerItemProxy;
			containerPortal = D589A35A2573B8230049132F /* Project object */;
			proxyType = 1;
			remoteGlobalIDString = D589A3612573B8230049132F;
			remoteInfo = RxSwift_playground;
		};
/* End PBXContainerItemProxy section */

/* Begin PBXFileReference section */
		112CC660F1BC1F9E52AB64CF /* Pods-RxSwift_playground-RxSwift_playgroundUITests.debug.xcconfig */ = {isa = PBXFileReference; includeInIndex = 1; lastKnownFileType = text.xcconfig; name = "Pods-RxSwift_playground-RxSwift_playgroundUITests.debug.xcconfig"; path = "Target Support Files/Pods-RxSwift_playground-RxSwift_playgroundUITests/Pods-RxSwift_playground-RxSwift_playgroundUITests.debug.xcconfig"; sourceTree = "<group>"; };
		2D18DEE1916779E846199395 /* Pods-RxSwift_playground.release.xcconfig */ = {isa = PBXFileReference; includeInIndex = 1; lastKnownFileType = text.xcconfig; name = "Pods-RxSwift_playground.release.xcconfig"; path = "Target Support Files/Pods-RxSwift_playground/Pods-RxSwift_playground.release.xcconfig"; sourceTree = "<group>"; };
		3EBE8B0687946DE283A41592 /* Pods_RxSwift_playground_RxSwift_playgroundUITests.framework */ = {isa = PBXFileReference; explicitFileType = wrapper.framework; includeInIndex = 0; path = Pods_RxSwift_playground_RxSwift_playgroundUITests.framework; sourceTree = BUILT_PRODUCTS_DIR; };
		3F95DD6EDC2277171F764320 /* Pods-RxSwift_playground.debug.xcconfig */ = {isa = PBXFileReference; includeInIndex = 1; lastKnownFileType = text.xcconfig; name = "Pods-RxSwift_playground.debug.xcconfig"; path = "Target Support Files/Pods-RxSwift_playground/Pods-RxSwift_playground.debug.xcconfig"; sourceTree = "<group>"; };
		83769D5389926D20BE1B9754 /* Pods_RxSwift_playground.framework */ = {isa = PBXFileReference; explicitFileType = wrapper.framework; includeInIndex = 0; path = Pods_RxSwift_playground.framework; sourceTree = BUILT_PRODUCTS_DIR; };
		A5F3ED15C37583DAD981C720 /* Pods-RxSwift_playground-RxSwift_playgroundUITests.release.xcconfig */ = {isa = PBXFileReference; includeInIndex = 1; lastKnownFileType = text.xcconfig; name = "Pods-RxSwift_playground-RxSwift_playgroundUITests.release.xcconfig"; path = "Target Support Files/Pods-RxSwift_playground-RxSwift_playgroundUITests/Pods-RxSwift_playground-RxSwift_playgroundUITests.release.xcconfig"; sourceTree = "<group>"; };
		A62258F9B2DC3A22C9CE6226 /* Pods_RxSwift_playgroundTests.framework */ = {isa = PBXFileReference; explicitFileType = wrapper.framework; includeInIndex = 0; path = Pods_RxSwift_playgroundTests.framework; sourceTree = BUILT_PRODUCTS_DIR; };
		AE1F6ECB94E322DA18853827 /* Pods-RxSwift_playgroundTests.release.xcconfig */ = {isa = PBXFileReference; includeInIndex = 1; lastKnownFileType = text.xcconfig; name = "Pods-RxSwift_playgroundTests.release.xcconfig"; path = "Target Support Files/Pods-RxSwift_playgroundTests/Pods-RxSwift_playgroundTests.release.xcconfig"; sourceTree = "<group>"; };
		D589A3622573B8230049132F /* RxSwift_playground.app */ = {isa = PBXFileReference; explicitFileType = wrapper.application; includeInIndex = 0; path = RxSwift_playground.app; sourceTree = BUILT_PRODUCTS_DIR; };
		D589A3652573B8230049132F /* AppDelegate.swift */ = {isa = PBXFileReference; lastKnownFileType = sourcecode.swift; path = AppDelegate.swift; sourceTree = "<group>"; };
		D589A3672573B8230049132F /* SceneDelegate.swift */ = {isa = PBXFileReference; lastKnownFileType = sourcecode.swift; path = SceneDelegate.swift; sourceTree = "<group>"; };
		D589A3692573B8230049132F /* ViewController.swift */ = {isa = PBXFileReference; lastKnownFileType = sourcecode.swift; path = ViewController.swift; sourceTree = "<group>"; };
		D589A36C2573B8230049132F /* Base */ = {isa = PBXFileReference; lastKnownFileType = file.storyboard; name = Base; path = Base.lproj/Main.storyboard; sourceTree = "<group>"; };
		D589A36E2573B8250049132F /* Assets.xcassets */ = {isa = PBXFileReference; lastKnownFileType = folder.assetcatalog; path = Assets.xcassets; sourceTree = "<group>"; };
		D589A3712573B8250049132F /* Base */ = {isa = PBXFileReference; lastKnownFileType = file.storyboard; name = Base; path = Base.lproj/LaunchScreen.storyboard; sourceTree = "<group>"; };
		D589A3732573B8250049132F /* Info.plist */ = {isa = PBXFileReference; lastKnownFileType = text.plist.xml; path = Info.plist; sourceTree = "<group>"; };
		D589A3782573B8250049132F /* RxSwift_playgroundTests.xctest */ = {isa = PBXFileReference; explicitFileType = wrapper.cfbundle; includeInIndex = 0; path = RxSwift_playgroundTests.xctest; sourceTree = BUILT_PRODUCTS_DIR; };
		D589A37C2573B8250049132F /* RxSwift_playgroundTests.swift */ = {isa = PBXFileReference; lastKnownFileType = sourcecode.swift; path = RxSwift_playgroundTests.swift; sourceTree = "<group>"; };
		D589A37E2573B8250049132F /* Info.plist */ = {isa = PBXFileReference; lastKnownFileType = text.plist.xml; path = Info.plist; sourceTree = "<group>"; };
		D589A3832573B8260049132F /* RxSwift_playgroundUITests.xctest */ = {isa = PBXFileReference; explicitFileType = wrapper.cfbundle; includeInIndex = 0; path = RxSwift_playgroundUITests.xctest; sourceTree = BUILT_PRODUCTS_DIR; };
		D589A3872573B8260049132F /* RxSwift_playgroundUITests.swift */ = {isa = PBXFileReference; lastKnownFileType = sourcecode.swift; path = RxSwift_playgroundUITests.swift; sourceTree = "<group>"; };
		D589A3892573B8260049132F /* Info.plist */ = {isa = PBXFileReference; lastKnownFileType = text.plist.xml; path = Info.plist; sourceTree = "<group>"; };
		F4E9A7251B940B9143CE5369 /* Pods-RxSwift_playgroundTests.debug.xcconfig */ = {isa = PBXFileReference; includeInIndex = 1; lastKnownFileType = text.xcconfig; name = "Pods-RxSwift_playgroundTests.debug.xcconfig"; path = "Target Support Files/Pods-RxSwift_playgroundTests/Pods-RxSwift_playgroundTests.debug.xcconfig"; sourceTree = "<group>"; };
/* End PBXFileReference section */

/* Begin PBXFrameworksBuildPhase section */
		D589A35F2573B8230049132F /* Frameworks */ = {
			isa = PBXFrameworksBuildPhase;
			buildActionMask = 2147483647;
			files = (
				D29D39387BD37455E0D4FAB2 /* Pods_RxSwift_playground.framework in Frameworks */,
			);
			runOnlyForDeploymentPostprocessing = 0;
		};
		D589A3752573B8250049132F /* Frameworks */ = {
			isa = PBXFrameworksBuildPhase;
			buildActionMask = 2147483647;
			files = (
				C27F2F88D341C1FC63CC9A6E /* Pods_RxSwift_playgroundTests.framework in Frameworks */,
			);
			runOnlyForDeploymentPostprocessing = 0;
		};
		D589A3802573B8260049132F /* Frameworks */ = {
			isa = PBXFrameworksBuildPhase;
			buildActionMask = 2147483647;
			files = (
				18DDD2A24816B16B4BBDB3BD /* Pods_RxSwift_playground_RxSwift_playgroundUITests.framework in Frameworks */,
			);
			runOnlyForDeploymentPostprocessing = 0;
		};
/* End PBXFrameworksBuildPhase section */

/* Begin PBXGroup section */
		A3C68558D86A38F795E138B6 /* Frameworks */ = {
			isa = PBXGroup;
			children = (
				83769D5389926D20BE1B9754 /* Pods_RxSwift_playground.framework */,
				3EBE8B0687946DE283A41592 /* Pods_RxSwift_playground_RxSwift_playgroundUITests.framework */,
				A62258F9B2DC3A22C9CE6226 /* Pods_RxSwift_playgroundTests.framework */,
			);
			name = Frameworks;
			sourceTree = "<group>";
		};
		D589A3592573B8230049132F = {
			isa = PBXGroup;
			children = (
				D589A3642573B8230049132F /* RxSwift_playground */,
				D589A37B2573B8250049132F /* RxSwift_playgroundTests */,
				D589A3862573B8260049132F /* RxSwift_playgroundUITests */,
				D589A3632573B8230049132F /* Products */,
				EB71FB4C8513469097B8E6E0 /* Pods */,
				A3C68558D86A38F795E138B6 /* Frameworks */,
			);
			sourceTree = "<group>";
		};
		D589A3632573B8230049132F /* Products */ = {
			isa = PBXGroup;
			children = (
				D589A3622573B8230049132F /* RxSwift_playground.app */,
				D589A3782573B8250049132F /* RxSwift_playgroundTests.xctest */,
				D589A3832573B8260049132F /* RxSwift_playgroundUITests.xctest */,
			);
			name = Products;
			sourceTree = "<group>";
		};
		D589A3642573B8230049132F /* RxSwift_playground */ = {
			isa = PBXGroup;
			children = (
				D589A3652573B8230049132F /* AppDelegate.swift */,
				D589A3672573B8230049132F /* SceneDelegate.swift */,
				D589A3692573B8230049132F /* ViewController.swift */,
				D589A36B2573B8230049132F /* Main.storyboard */,
				D589A36E2573B8250049132F /* Assets.xcassets */,
				D589A3702573B8250049132F /* LaunchScreen.storyboard */,
				D589A3732573B8250049132F /* Info.plist */,
			);
			path = RxSwift_playground;
			sourceTree = "<group>";
		};
		D589A37B2573B8250049132F /* RxSwift_playgroundTests */ = {
			isa = PBXGroup;
			children = (
				D589A37C2573B8250049132F /* RxSwift_playgroundTests.swift */,
				D589A37E2573B8250049132F /* Info.plist */,
			);
			path = RxSwift_playgroundTests;
			sourceTree = "<group>";
		};
		D589A3862573B8260049132F /* RxSwift_playgroundUITests */ = {
			isa = PBXGroup;
			children = (
				D589A3872573B8260049132F /* RxSwift_playgroundUITests.swift */,
				D589A3892573B8260049132F /* Info.plist */,
			);
			path = RxSwift_playgroundUITests;
			sourceTree = "<group>";
		};
		EB71FB4C8513469097B8E6E0 /* Pods */ = {
			isa = PBXGroup;
			children = (
				3F95DD6EDC2277171F764320 /* Pods-RxSwift_playground.debug.xcconfig */,
				2D18DEE1916779E846199395 /* Pods-RxSwift_playground.release.xcconfig */,
				112CC660F1BC1F9E52AB64CF /* Pods-RxSwift_playground-RxSwift_playgroundUITests.debug.xcconfig */,
				A5F3ED15C37583DAD981C720 /* Pods-RxSwift_playground-RxSwift_playgroundUITests.release.xcconfig */,
				F4E9A7251B940B9143CE5369 /* Pods-RxSwift_playgroundTests.debug.xcconfig */,
				AE1F6ECB94E322DA18853827 /* Pods-RxSwift_playgroundTests.release.xcconfig */,
			);
			path = Pods;
			sourceTree = "<group>";
		};
/* End PBXGroup section */

/* Begin PBXNativeTarget section */
		D589A3612573B8230049132F /* RxSwift_playground */ = {
			isa = PBXNativeTarget;
			buildConfigurationList = D589A38C2573B8260049132F /* Build configuration list for PBXNativeTarget "RxSwift_playground" */;
			buildPhases = (
				80DB236E9B1E07533D5ECCEB /* [CP] Check Pods Manifest.lock */,
				D589A35E2573B8230049132F /* Sources */,
				D589A35F2573B8230049132F /* Frameworks */,
				D589A3602573B8230049132F /* Resources */,
				20C64BBC0978A8D8767006DA /* [CP] Embed Pods Frameworks */,
			);
			buildRules = (
			);
			dependencies = (
			);
			name = RxSwift_playground;
			productName = RxSwift_playground;
			productReference = D589A3622573B8230049132F /* RxSwift_playground.app */;
			productType = "com.apple.product-type.application";
		};
		D589A3772573B8250049132F /* RxSwift_playgroundTests */ = {
			isa = PBXNativeTarget;
			buildConfigurationList = D589A38F2573B8260049132F /* Build configuration list for PBXNativeTarget "RxSwift_playgroundTests" */;
			buildPhases = (
				D54358EF1A2F428D78347794 /* [CP] Check Pods Manifest.lock */,
				D589A3742573B8250049132F /* Sources */,
				D589A3752573B8250049132F /* Frameworks */,
				D589A3762573B8250049132F /* Resources */,
				15CFD485ACD7AAA13089B0FF /* [CP] Embed Pods Frameworks */,
			);
			buildRules = (
			);
			dependencies = (
				D589A37A2573B8250049132F /* PBXTargetDependency */,
			);
			name = RxSwift_playgroundTests;
			productName = RxSwift_playgroundTests;
			productReference = D589A3782573B8250049132F /* RxSwift_playgroundTests.xctest */;
			productType = "com.apple.product-type.bundle.unit-test";
		};
		D589A3822573B8260049132F /* RxSwift_playgroundUITests */ = {
			isa = PBXNativeTarget;
			buildConfigurationList = D589A3922573B8260049132F /* Build configuration list for PBXNativeTarget "RxSwift_playgroundUITests" */;
			buildPhases = (
				2EF44F11778A54B4A1C6B623 /* [CP] Check Pods Manifest.lock */,
				D589A37F2573B8260049132F /* Sources */,
				D589A3802573B8260049132F /* Frameworks */,
				D589A3812573B8260049132F /* Resources */,
				ACAB63FD7357288795AFDF83 /* [CP] Embed Pods Frameworks */,
			);
			buildRules = (
			);
			dependencies = (
				D589A3852573B8260049132F /* PBXTargetDependency */,
			);
			name = RxSwift_playgroundUITests;
			productName = RxSwift_playgroundUITests;
			productReference = D589A3832573B8260049132F /* RxSwift_playgroundUITests.xctest */;
			productType = "com.apple.product-type.bundle.ui-testing";
		};
/* End PBXNativeTarget section */

/* Begin PBXProject section */
		D589A35A2573B8230049132F /* Project object */ = {
			isa = PBXProject;
			attributes = {
				LastSwiftUpdateCheck = 1220;
				LastUpgradeCheck = 1220;
				TargetAttributes = {
					D589A3612573B8230049132F = {
						CreatedOnToolsVersion = 12.2;
					};
					D589A3772573B8250049132F = {
						CreatedOnToolsVersion = 12.2;
						TestTargetID = D589A3612573B8230049132F;
					};
					D589A3822573B8260049132F = {
						CreatedOnToolsVersion = 12.2;
						TestTargetID = D589A3612573B8230049132F;
					};
				};
			};
			buildConfigurationList = D589A35D2573B8230049132F /* Build configuration list for PBXProject "RxSwift_playground" */;
			compatibilityVersion = "Xcode 9.3";
			developmentRegion = en;
			hasScannedForEncodings = 0;
			knownRegions = (
				en,
				Base,
			);
			mainGroup = D589A3592573B8230049132F;
			productRefGroup = D589A3632573B8230049132F /* Products */;
			projectDirPath = "";
			projectRoot = "";
			targets = (
				D589A3612573B8230049132F /* RxSwift_playground */,
				D589A3772573B8250049132F /* RxSwift_playgroundTests */,
				D589A3822573B8260049132F /* RxSwift_playgroundUITests */,
			);
		};
/* End PBXProject section */

/* Begin PBXResourcesBuildPhase section */
		D589A3602573B8230049132F /* Resources */ = {
			isa = PBXResourcesBuildPhase;
			buildActionMask = 2147483647;
			files = (
				D589A3722573B8250049132F /* LaunchScreen.storyboard in Resources */,
				D589A36F2573B8250049132F /* Assets.xcassets in Resources */,
				D589A36D2573B8230049132F /* Main.storyboard in Resources */,
			);
			runOnlyForDeploymentPostprocessing = 0;
		};
		D589A3762573B8250049132F /* Resources */ = {
			isa = PBXResourcesBuildPhase;
			buildActionMask = 2147483647;
			files = (
			);
			runOnlyForDeploymentPostprocessing = 0;
		};
		D589A3812573B8260049132F /* Resources */ = {
			isa = PBXResourcesBuildPhase;
			buildActionMask = 2147483647;
			files = (
			);
			runOnlyForDeploymentPostprocessing = 0;
		};
/* End PBXResourcesBuildPhase section */

/* Begin PBXShellScriptBuildPhase section */
		15CFD485ACD7AAA13089B0FF /* [CP] Embed Pods Frameworks */ = {
			isa = PBXShellScriptBuildPhase;
			buildActionMask = 2147483647;
			files = (
			);
			inputFileListPaths = (
				"${PODS_ROOT}/Target Support Files/Pods-RxSwift_playgroundTests/Pods-RxSwift_playgroundTests-frameworks-${CONFIGURATION}-input-files.xcfilelist",
			);
			name = "[CP] Embed Pods Frameworks";
			outputFileListPaths = (
				"${PODS_ROOT}/Target Support Files/Pods-RxSwift_playgroundTests/Pods-RxSwift_playgroundTests-frameworks-${CONFIGURATION}-output-files.xcfilelist",
			);
			runOnlyForDeploymentPostprocessing = 0;
			shellPath = /bin/sh;
			shellScript = "\"${PODS_ROOT}/Target Support Files/Pods-RxSwift_playgroundTests/Pods-RxSwift_playgroundTests-frameworks.sh\"\n";
			showEnvVarsInLog = 0;
		};
		20C64BBC0978A8D8767006DA /* [CP] Embed Pods Frameworks */ = {
			isa = PBXShellScriptBuildPhase;
			buildActionMask = 2147483647;
			files = (
			);
			inputFileListPaths = (
				"${PODS_ROOT}/Target Support Files/Pods-RxSwift_playground/Pods-RxSwift_playground-frameworks-${CONFIGURATION}-input-files.xcfilelist",
			);
			name = "[CP] Embed Pods Frameworks";
			outputFileListPaths = (
				"${PODS_ROOT}/Target Support Files/Pods-RxSwift_playground/Pods-RxSwift_playground-frameworks-${CONFIGURATION}-output-files.xcfilelist",
			);
			runOnlyForDeploymentPostprocessing = 0;
			shellPath = /bin/sh;
			shellScript = "\"${PODS_ROOT}/Target Support Files/Pods-RxSwift_playground/Pods-RxSwift_playground-frameworks.sh\"\n";
			showEnvVarsInLog = 0;
		};
		2EF44F11778A54B4A1C6B623 /* [CP] Check Pods Manifest.lock */ = {
			isa = PBXShellScriptBuildPhase;
			buildActionMask = 2147483647;
			files = (
			);
			inputFileListPaths = (
			);
			inputPaths = (
				"${PODS_PODFILE_DIR_PATH}/Podfile.lock",
				"${PODS_ROOT}/Manifest.lock",
			);
			name = "[CP] Check Pods Manifest.lock";
			outputFileListPaths = (
			);
			outputPaths = (
				"$(DERIVED_FILE_DIR)/Pods-RxSwift_playground-RxSwift_playgroundUITests-checkManifestLockResult.txt",
			);
			runOnlyForDeploymentPostprocessing = 0;
			shellPath = /bin/sh;
			shellScript = "diff \"${PODS_PODFILE_DIR_PATH}/Podfile.lock\" \"${PODS_ROOT}/Manifest.lock\" > /dev/null\nif [ $? != 0 ] ; then\n    # print error to STDERR\n    echo \"error: The sandbox is not in sync with the Podfile.lock. Run 'pod install' or update your CocoaPods installation.\" >&2\n    exit 1\nfi\n# This output is used by Xcode 'outputs' to avoid re-running this script phase.\necho \"SUCCESS\" > \"${SCRIPT_OUTPUT_FILE_0}\"\n";
			showEnvVarsInLog = 0;
		};
		80DB236E9B1E07533D5ECCEB /* [CP] Check Pods Manifest.lock */ = {
			isa = PBXShellScriptBuildPhase;
			buildActionMask = 2147483647;
			files = (
			);
			inputFileListPaths = (
			);
			inputPaths = (
				"${PODS_PODFILE_DIR_PATH}/Podfile.lock",
				"${PODS_ROOT}/Manifest.lock",
			);
			name = "[CP] Check Pods Manifest.lock";
			outputFileListPaths = (
			);
			outputPaths = (
				"$(DERIVED_FILE_DIR)/Pods-RxSwift_playground-checkManifestLockResult.txt",
			);
			runOnlyForDeploymentPostprocessing = 0;
			shellPath = /bin/sh;
			shellScript = "diff \"${PODS_PODFILE_DIR_PATH}/Podfile.lock\" \"${PODS_ROOT}/Manifest.lock\" > /dev/null\nif [ $? != 0 ] ; then\n    # print error to STDERR\n    echo \"error: The sandbox is not in sync with the Podfile.lock. Run 'pod install' or update your CocoaPods installation.\" >&2\n    exit 1\nfi\n# This output is used by Xcode 'outputs' to avoid re-running this script phase.\necho \"SUCCESS\" > \"${SCRIPT_OUTPUT_FILE_0}\"\n";
			showEnvVarsInLog = 0;
		};
		ACAB63FD7357288795AFDF83 /* [CP] Embed Pods Frameworks */ = {
			isa = PBXShellScriptBuildPhase;
			buildActionMask = 2147483647;
			files = (
			);
			inputFileListPaths = (
				"${PODS_ROOT}/Target Support Files/Pods-RxSwift_playground-RxSwift_playgroundUITests/Pods-RxSwift_playground-RxSwift_playgroundUITests-frameworks-${CONFIGURATION}-input-files.xcfilelist",
			);
			name = "[CP] Embed Pods Frameworks";
			outputFileListPaths = (
				"${PODS_ROOT}/Target Support Files/Pods-RxSwift_playground-RxSwift_playgroundUITests/Pods-RxSwift_playground-RxSwift_playgroundUITests-frameworks-${CONFIGURATION}-output-files.xcfilelist",
			);
			runOnlyForDeploymentPostprocessing = 0;
			shellPath = /bin/sh;
			shellScript = "\"${PODS_ROOT}/Target Support Files/Pods-RxSwift_playground-RxSwift_playgroundUITests/Pods-RxSwift_playground-RxSwift_playgroundUITests-frameworks.sh\"\n";
			showEnvVarsInLog = 0;
		};
		D54358EF1A2F428D78347794 /* [CP] Check Pods Manifest.lock */ = {
			isa = PBXShellScriptBuildPhase;
			buildActionMask = 2147483647;
			files = (
			);
			inputFileListPaths = (
			);
			inputPaths = (
				"${PODS_PODFILE_DIR_PATH}/Podfile.lock",
				"${PODS_ROOT}/Manifest.lock",
			);
			name = "[CP] Check Pods Manifest.lock";
			outputFileListPaths = (
			);
			outputPaths = (
				"$(DERIVED_FILE_DIR)/Pods-RxSwift_playgroundTests-checkManifestLockResult.txt",
			);
			runOnlyForDeploymentPostprocessing = 0;
			shellPath = /bin/sh;
			shellScript = "diff \"${PODS_PODFILE_DIR_PATH}/Podfile.lock\" \"${PODS_ROOT}/Manifest.lock\" > /dev/null\nif [ $? != 0 ] ; then\n    # print error to STDERR\n    echo \"error: The sandbox is not in sync with the Podfile.lock. Run 'pod install' or update your CocoaPods installation.\" >&2\n    exit 1\nfi\n# This output is used by Xcode 'outputs' to avoid re-running this script phase.\necho \"SUCCESS\" > \"${SCRIPT_OUTPUT_FILE_0}\"\n";
			showEnvVarsInLog = 0;
		};
/* End PBXShellScriptBuildPhase section */

/* Begin PBXSourcesBuildPhase section */
		D589A35E2573B8230049132F /* Sources */ = {
			isa = PBXSourcesBuildPhase;
			buildActionMask = 2147483647;
			files = (
				D589A36A2573B8230049132F /* ViewController.swift in Sources */,
				D589A3662573B8230049132F /* AppDelegate.swift in Sources */,
				D589A3682573B8230049132F /* SceneDelegate.swift in Sources */,
			);
			runOnlyForDeploymentPostprocessing = 0;
		};
		D589A3742573B8250049132F /* Sources */ = {
			isa = PBXSourcesBuildPhase;
			buildActionMask = 2147483647;
			files = (
				D589A37D2573B8250049132F /* RxSwift_playgroundTests.swift in Sources */,
			);
			runOnlyForDeploymentPostprocessing = 0;
		};
		D589A37F2573B8260049132F /* Sources */ = {
			isa = PBXSourcesBuildPhase;
			buildActionMask = 2147483647;
			files = (
				D589A3882573B8260049132F /* RxSwift_playgroundUITests.swift in Sources */,
			);
			runOnlyForDeploymentPostprocessing = 0;
		};
/* End PBXSourcesBuildPhase section */

/* Begin PBXTargetDependency section */
		D589A37A2573B8250049132F /* PBXTargetDependency */ = {
			isa = PBXTargetDependency;
			target = D589A3612573B8230049132F /* RxSwift_playground */;
			targetProxy = D589A3792573B8250049132F /* PBXContainerItemProxy */;
		};
		D589A3852573B8260049132F /* PBXTargetDependency */ = {
			isa = PBXTargetDependency;
			target = D589A3612573B8230049132F /* RxSwift_playground */;
			targetProxy = D589A3842573B8260049132F /* PBXContainerItemProxy */;
		};
/* End PBXTargetDependency section */

/* Begin PBXVariantGroup section */
		D589A36B2573B8230049132F /* Main.storyboard */ = {
			isa = PBXVariantGroup;
			children = (
				D589A36C2573B8230049132F /* Base */,
			);
			name = Main.storyboard;
			sourceTree = "<group>";
		};
		D589A3702573B8250049132F /* LaunchScreen.storyboard */ = {
			isa = PBXVariantGroup;
			children = (
				D589A3712573B8250049132F /* Base */,
			);
			name = LaunchScreen.storyboard;
			sourceTree = "<group>";
		};
/* End PBXVariantGroup section */

/* Begin XCBuildConfiguration section */
		D589A38A2573B8260049132F /* Debug */ = {
			isa = XCBuildConfiguration;
			buildSettings = {
				ALWAYS_SEARCH_USER_PATHS = NO;
				CLANG_ANALYZER_NONNULL = YES;
				CLANG_ANALYZER_NUMBER_OBJECT_CONVERSION = YES_AGGRESSIVE;
				CLANG_CXX_LANGUAGE_STANDARD = "gnu++14";
				CLANG_CXX_LIBRARY = "libc++";
				CLANG_ENABLE_MODULES = YES;
				CLANG_ENABLE_OBJC_ARC = YES;
				CLANG_ENABLE_OBJC_WEAK = YES;
				CLANG_WARN_BLOCK_CAPTURE_AUTORELEASING = YES;
				CLANG_WARN_BOOL_CONVERSION = YES;
				CLANG_WARN_COMMA = YES;
				CLANG_WARN_CONSTANT_CONVERSION = YES;
				CLANG_WARN_DEPRECATED_OBJC_IMPLEMENTATIONS = YES;
				CLANG_WARN_DIRECT_OBJC_ISA_USAGE = YES_ERROR;
				CLANG_WARN_DOCUMENTATION_COMMENTS = YES;
				CLANG_WARN_EMPTY_BODY = YES;
				CLANG_WARN_ENUM_CONVERSION = YES;
				CLANG_WARN_INFINITE_RECURSION = YES;
				CLANG_WARN_INT_CONVERSION = YES;
				CLANG_WARN_NON_LITERAL_NULL_CONVERSION = YES;
				CLANG_WARN_OBJC_IMPLICIT_RETAIN_SELF = YES;
				CLANG_WARN_OBJC_LITERAL_CONVERSION = YES;
				CLANG_WARN_OBJC_ROOT_CLASS = YES_ERROR;
				CLANG_WARN_QUOTED_INCLUDE_IN_FRAMEWORK_HEADER = YES;
				CLANG_WARN_RANGE_LOOP_ANALYSIS = YES;
				CLANG_WARN_STRICT_PROTOTYPES = YES;
				CLANG_WARN_SUSPICIOUS_MOVE = YES;
				CLANG_WARN_UNGUARDED_AVAILABILITY = YES_AGGRESSIVE;
				CLANG_WARN_UNREACHABLE_CODE = YES;
				CLANG_WARN__DUPLICATE_METHOD_MATCH = YES;
				COPY_PHASE_STRIP = NO;
				DEBUG_INFORMATION_FORMAT = dwarf;
				ENABLE_STRICT_OBJC_MSGSEND = YES;
				ENABLE_TESTABILITY = YES;
				GCC_C_LANGUAGE_STANDARD = gnu11;
				GCC_DYNAMIC_NO_PIC = NO;
				GCC_NO_COMMON_BLOCKS = YES;
				GCC_OPTIMIZATION_LEVEL = 0;
				GCC_PREPROCESSOR_DEFINITIONS = (
					"DEBUG=1",
					"$(inherited)",
				);
				GCC_WARN_64_TO_32_BIT_CONVERSION = YES;
				GCC_WARN_ABOUT_RETURN_TYPE = YES_ERROR;
				GCC_WARN_UNDECLARED_SELECTOR = YES;
				GCC_WARN_UNINITIALIZED_AUTOS = YES_AGGRESSIVE;
				GCC_WARN_UNUSED_FUNCTION = YES;
				GCC_WARN_UNUSED_VARIABLE = YES;
				IPHONEOS_DEPLOYMENT_TARGET = 14.2;
				MTL_ENABLE_DEBUG_INFO = INCLUDE_SOURCE;
				MTL_FAST_MATH = YES;
				ONLY_ACTIVE_ARCH = YES;
				SDKROOT = iphoneos;
				SWIFT_ACTIVE_COMPILATION_CONDITIONS = DEBUG;
				SWIFT_OPTIMIZATION_LEVEL = "-Onone";
			};
			name = Debug;
		};
		D589A38B2573B8260049132F /* Release */ = {
			isa = XCBuildConfiguration;
			buildSettings = {
				ALWAYS_SEARCH_USER_PATHS = NO;
				CLANG_ANALYZER_NONNULL = YES;
				CLANG_ANALYZER_NUMBER_OBJECT_CONVERSION = YES_AGGRESSIVE;
				CLANG_CXX_LANGUAGE_STANDARD = "gnu++14";
				CLANG_CXX_LIBRARY = "libc++";
				CLANG_ENABLE_MODULES = YES;
				CLANG_ENABLE_OBJC_ARC = YES;
				CLANG_ENABLE_OBJC_WEAK = YES;
				CLANG_WARN_BLOCK_CAPTURE_AUTORELEASING = YES;
				CLANG_WARN_BOOL_CONVERSION = YES;
				CLANG_WARN_COMMA = YES;
				CLANG_WARN_CONSTANT_CONVERSION = YES;
				CLANG_WARN_DEPRECATED_OBJC_IMPLEMENTATIONS = YES;
				CLANG_WARN_DIRECT_OBJC_ISA_USAGE = YES_ERROR;
				CLANG_WARN_DOCUMENTATION_COMMENTS = YES;
				CLANG_WARN_EMPTY_BODY = YES;
				CLANG_WARN_ENUM_CONVERSION = YES;
				CLANG_WARN_INFINITE_RECURSION = YES;
				CLANG_WARN_INT_CONVERSION = YES;
				CLANG_WARN_NON_LITERAL_NULL_CONVERSION = YES;
				CLANG_WARN_OBJC_IMPLICIT_RETAIN_SELF = YES;
				CLANG_WARN_OBJC_LITERAL_CONVERSION = YES;
				CLANG_WARN_OBJC_ROOT_CLASS = YES_ERROR;
				CLANG_WARN_QUOTED_INCLUDE_IN_FRAMEWORK_HEADER = YES;
				CLANG_WARN_RANGE_LOOP_ANALYSIS = YES;
				CLANG_WARN_STRICT_PROTOTYPES = YES;
				CLANG_WARN_SUSPICIOUS_MOVE = YES;
				CLANG_WARN_UNGUARDED_AVAILABILITY = YES_AGGRESSIVE;
				CLANG_WARN_UNREACHABLE_CODE = YES;
				CLANG_WARN__DUPLICATE_METHOD_MATCH = YES;
				COPY_PHASE_STRIP = NO;
				DEBUG_INFORMATION_FORMAT = "dwarf-with-dsym";
				ENABLE_NS_ASSERTIONS = NO;
				ENABLE_STRICT_OBJC_MSGSEND = YES;
				GCC_C_LANGUAGE_STANDARD = gnu11;
				GCC_NO_COMMON_BLOCKS = YES;
				GCC_WARN_64_TO_32_BIT_CONVERSION = YES;
				GCC_WARN_ABOUT_RETURN_TYPE = YES_ERROR;
				GCC_WARN_UNDECLARED_SELECTOR = YES;
				GCC_WARN_UNINITIALIZED_AUTOS = YES_AGGRESSIVE;
				GCC_WARN_UNUSED_FUNCTION = YES;
				GCC_WARN_UNUSED_VARIABLE = YES;
				IPHONEOS_DEPLOYMENT_TARGET = 14.2;
				MTL_ENABLE_DEBUG_INFO = NO;
				MTL_FAST_MATH = YES;
				SDKROOT = iphoneos;
				SWIFT_COMPILATION_MODE = wholemodule;
				SWIFT_OPTIMIZATION_LEVEL = "-O";
				VALIDATE_PRODUCT = YES;
			};
			name = Release;
		};
		D589A38D2573B8260049132F /* Debug */ = {
			isa = XCBuildConfiguration;
			baseConfigurationReference = 3F95DD6EDC2277171F764320 /* Pods-RxSwift_playground.debug.xcconfig */;
			buildSettings = {
				ASSETCATALOG_COMPILER_APPICON_NAME = AppIcon;
				ASSETCATALOG_COMPILER_GLOBAL_ACCENT_COLOR_NAME = AccentColor;
				CODE_SIGN_STYLE = Automatic;
				DEVELOPMENT_TEAM = Q76375S8R8;
				INFOPLIST_FILE = RxSwift_playground/Info.plist;
				LD_RUNPATH_SEARCH_PATHS = (
					"$(inherited)",
					"@executable_path/Frameworks",
				);
				PRODUCT_BUNDLE_IDENTIFIER = "Heva.RxSwift-playground";
				PRODUCT_NAME = "$(TARGET_NAME)";
				SWIFT_VERSION = 5.0;
				TARGETED_DEVICE_FAMILY = "1,2";
			};
			name = Debug;
		};
		D589A38E2573B8260049132F /* Release */ = {
			isa = XCBuildConfiguration;
			baseConfigurationReference = 2D18DEE1916779E846199395 /* Pods-RxSwift_playground.release.xcconfig */;
			buildSettings = {
				ASSETCATALOG_COMPILER_APPICON_NAME = AppIcon;
				ASSETCATALOG_COMPILER_GLOBAL_ACCENT_COLOR_NAME = AccentColor;
				CODE_SIGN_STYLE = Automatic;
				DEVELOPMENT_TEAM = Q76375S8R8;
				INFOPLIST_FILE = RxSwift_playground/Info.plist;
				LD_RUNPATH_SEARCH_PATHS = (
					"$(inherited)",
					"@executable_path/Frameworks",
				);
				PRODUCT_BUNDLE_IDENTIFIER = "Heva.RxSwift-playground";
				PRODUCT_NAME = "$(TARGET_NAME)";
				SWIFT_VERSION = 5.0;
				TARGETED_DEVICE_FAMILY = "1,2";
			};
			name = Release;
		};
		D589A3902573B8260049132F /* Debug */ = {
			isa = XCBuildConfiguration;
			baseConfigurationReference = F4E9A7251B940B9143CE5369 /* Pods-RxSwift_playgroundTests.debug.xcconfig */;
			buildSettings = {
				BUNDLE_LOADER = "$(TEST_HOST)";
				CODE_SIGN_STYLE = Automatic;
				DEVELOPMENT_TEAM = Q76375S8R8;
				INFOPLIST_FILE = RxSwift_playgroundTests/Info.plist;
				IPHONEOS_DEPLOYMENT_TARGET = 14.2;
				LD_RUNPATH_SEARCH_PATHS = (
					"$(inherited)",
					"@executable_path/Frameworks",
					"@loader_path/Frameworks",
				);
				PRODUCT_BUNDLE_IDENTIFIER = "Heva.RxSwift-playgroundTests";
				PRODUCT_NAME = "$(TARGET_NAME)";
				SWIFT_VERSION = 5.0;
				TARGETED_DEVICE_FAMILY = "1,2";
				TEST_HOST = "$(BUILT_PRODUCTS_DIR)/RxSwift_playground.app/RxSwift_playground";
			};
			name = Debug;
		};
		D589A3912573B8260049132F /* Release */ = {
			isa = XCBuildConfiguration;
			baseConfigurationReference = AE1F6ECB94E322DA18853827 /* Pods-RxSwift_playgroundTests.release.xcconfig */;
			buildSettings = {
				BUNDLE_LOADER = "$(TEST_HOST)";
				CODE_SIGN_STYLE = Automatic;
				DEVELOPMENT_TEAM = Q76375S8R8;
				INFOPLIST_FILE = RxSwift_playgroundTests/Info.plist;
				IPHONEOS_DEPLOYMENT_TARGET = 14.2;
				LD_RUNPATH_SEARCH_PATHS = (
					"$(inherited)",
					"@executable_path/Frameworks",
					"@loader_path/Frameworks",
				);
				PRODUCT_BUNDLE_IDENTIFIER = "Heva.RxSwift-playgroundTests";
				PRODUCT_NAME = "$(TARGET_NAME)";
				SWIFT_VERSION = 5.0;
				TARGETED_DEVICE_FAMILY = "1,2";
				TEST_HOST = "$(BUILT_PRODUCTS_DIR)/RxSwift_playground.app/RxSwift_playground";
			};
			name = Release;
		};
		D589A3932573B8260049132F /* Debug */ = {
			isa = XCBuildConfiguration;
			baseConfigurationReference = 112CC660F1BC1F9E52AB64CF /* Pods-RxSwift_playground-RxSwift_playgroundUITests.debug.xcconfig */;
			buildSettings = {
				CODE_SIGN_STYLE = Automatic;
				DEVELOPMENT_TEAM = Q76375S8R8;
				INFOPLIST_FILE = RxSwift_playgroundUITests/Info.plist;
				LD_RUNPATH_SEARCH_PATHS = (
					"$(inherited)",
					"@executable_path/Frameworks",
					"@loader_path/Frameworks",
				);
				PRODUCT_BUNDLE_IDENTIFIER = "Heva.RxSwift-playgroundUITests";
				PRODUCT_NAME = "$(TARGET_NAME)";
				SWIFT_VERSION = 5.0;
				TARGETED_DEVICE_FAMILY = "1,2";
				TEST_TARGET_NAME = RxSwift_playground;
			};
			name = Debug;
		};
		D589A3942573B8260049132F /* Release */ = {
			isa = XCBuildConfiguration;
			baseConfigurationReference = A5F3ED15C37583DAD981C720 /* Pods-RxSwift_playground-RxSwift_playgroundUITests.release.xcconfig */;
			buildSettings = {
				CODE_SIGN_STYLE = Automatic;
				DEVELOPMENT_TEAM = Q76375S8R8;
				INFOPLIST_FILE = RxSwift_playgroundUITests/Info.plist;
				LD_RUNPATH_SEARCH_PATHS = (
					"$(inherited)",
					"@executable_path/Frameworks",
					"@loader_path/Frameworks",
				);
				PRODUCT_BUNDLE_IDENTIFIER = "Heva.RxSwift-playgroundUITests";
				PRODUCT_NAME = "$(TARGET_NAME)";
				SWIFT_VERSION = 5.0;
				TARGETED_DEVICE_FAMILY = "1,2";
				TEST_TARGET_NAME = RxSwift_playground;
			};
			name = Release;
		};
/* End XCBuildConfiguration section */

/* Begin XCConfigurationList section */
		D589A35D2573B8230049132F /* Build configuration list for PBXProject "RxSwift_playground" */ = {
			isa = XCConfigurationList;
			buildConfigurations = (
				D589A38A2573B8260049132F /* Debug */,
				D589A38B2573B8260049132F /* Release */,
			);
			defaultConfigurationIsVisible = 0;
			defaultConfigurationName = Release;
		};
		D589A38C2573B8260049132F /* Build configuration list for PBXNativeTarget "RxSwift_playground" */ = {
			isa = XCConfigurationList;
			buildConfigurations = (
				D589A38D2573B8260049132F /* Debug */,
				D589A38E2573B8260049132F /* Release */,
			);
			defaultConfigurationIsVisible = 0;
			defaultConfigurationName = Release;
		};
		D589A38F2573B8260049132F /* Build configuration list for PBXNativeTarget "RxSwift_playgroundTests" */ = {
			isa = XCConfigurationList;
			buildConfigurations = (
				D589A3902573B8260049132F /* Debug */,
				D589A3912573B8260049132F /* Release */,
			);
			defaultConfigurationIsVisible = 0;
			defaultConfigurationName = Release;
		};
		D589A3922573B8260049132F /* Build configuration list for PBXNativeTarget "RxSwift_playgroundUITests" */ = {
			isa = XCConfigurationList;
			buildConfigurations = (
				D589A3932573B8260049132F /* Debug */,
				D589A3942573B8260049132F /* Release */,
			);
			defaultConfigurationIsVisible = 0;
			defaultConfigurationName = Release;
		};
/* End XCConfigurationList section */
	};
	rootObject = D589A35A2573B8230049132F /* Project object */;
}
